
Microsoft Visual Studio Solution File, Format Version 11.00
# Visual Studio 2010
Project("{FAE04EC0-301F-11D3-BF4B-00C04F79EFBC}") = "MonoTouch.Dialog", "MonoTouch.Dialog\MonoTouch.Dialog.csproj", "{3FFBFFF8-5560-4EDE-82E5-3FFDFBBA8A50}"
EndProject
Project("{FAE04EC0-301F-11D3-BF4B-00C04F79EFBC}") = "Sample", "Sample\Sample.csproj", "{F6AEFFC5-4807-49A3-83C5-661E655CB59A}"
EndProject
Global
	GlobalSection(SolutionConfigurationPlatforms) = preSolution
		Debug|iPhoneSimulator = Debug|iPhoneSimulator
		Release|iPhoneSimulator = Release|iPhoneSimulator
		Debug|iPhone = Debug|iPhone
		Release|iPhone = Release|iPhone
	EndGlobalSection
	GlobalSection(ProjectConfigurationPlatforms) = postSolution
		{3FFBFFF8-5560-4EDE-82E5-3FFDFBBA8A50}.Debug|iPhone.ActiveCfg = Debug|iPhone
		{3FFBFFF8-5560-4EDE-82E5-3FFDFBBA8A50}.Debug|iPhone.Build.0 = Debug|iPhone
		{3FFBFFF8-5560-4EDE-82E5-3FFDFBBA8A50}.Debug|iPhoneSimulator.ActiveCfg = Debug|iPhoneSimulator
		{3FFBFFF8-5560-4EDE-82E5-3FFDFBBA8A50}.Debug|iPhoneSimulator.Build.0 = Debug|iPhoneSimulator
		{3FFBFFF8-5560-4EDE-82E5-3FFDFBBA8A50}.Release|iPhone.ActiveCfg = Release|iPhone
		{3FFBFFF8-5560-4EDE-82E5-3FFDFBBA8A50}.Release|iPhone.Build.0 = Release|iPhone
		{3FFBFFF8-5560-4EDE-82E5-3FFDFBBA8A50}.Release|iPhoneSimulator.ActiveCfg = Release|iPhoneSimulator
		{3FFBFFF8-5560-4EDE-82E5-3FFDFBBA8A50}.Release|iPhoneSimulator.Build.0 = Release|iPhoneSimulator
		{F6AEFFC5-4807-49A3-83C5-661E655CB59A}.Debug|iPhone.ActiveCfg = Debug|iPhone
		{F6AEFFC5-4807-49A3-83C5-661E655CB59A}.Debug|iPhone.Build.0 = Debug|iPhone
		{F6AEFFC5-4807-49A3-83C5-661E655CB59A}.Debug|iPhoneSimulator.ActiveCfg = Debug|iPhoneSimulator
		{F6AEFFC5-4807-49A3-83C5-661E655CB59A}.Debug|iPhoneSimulator.Build.0 = Debug|iPhoneSimulator
		{F6AEFFC5-4807-49A3-83C5-661E655CB59A}.Release|iPhone.ActiveCfg = Release|iPhone
		{F6AEFFC5-4807-49A3-83C5-661E655CB59A}.Release|iPhone.Build.0 = Release|iPhone
		{F6AEFFC5-4807-49A3-83C5-661E655CB59A}.Release|iPhoneSimulator.ActiveCfg = Release|iPhoneSimulator
		{F6AEFFC5-4807-49A3-83C5-661E655CB59A}.Release|iPhoneSimulator.Build.0 = Release|iPhoneSimulator
	EndGlobalSection
	GlobalSection(MonoDevelopProperties) = preSolution
		StartupItem = Sample\Sample.csproj
	EndGlobalSection
EndGlobal
